{
  "name": "@webiny/cli-scaffold-graphql-service",
  "version": "1.0.0",
  "lockfileVersion": 1,
  "requires": true,
  "dependencies": {
    "@apollo/federation": {
      "version": "0.10.3",
      "resolved": "https://registry.npmjs.org/@apollo/federation/-/federation-0.10.3.tgz",
      "integrity": "sha512-GH87B7XBp1B8PJEceRs4KdeDnSyjNNeOqJNGMfkWAK74pxaF3beCzSwkrXFgNgDD8wliskEf2pVAxW4BHrb/Pw==",
      "requires": {
        "apollo-graphql": "^0.3.4",
        "apollo-server-env": "^2.4.3",
        "core-js": "^3.4.0",
        "lodash.xorby": "^4.7.0"
      }
    },
    "@babel/runtime": {
      "version": "7.8.4",
      "resolved": "https://registry.npmjs.org/@babel/runtime/-/runtime-7.8.4.tgz",
      "integrity": "sha512-neAp3zt80trRVBI1x0azq6c57aNBqYZH8KhMm3TaB7wEI5Q4A2SHfBHE8w9gOhI/lrqxtEbXZgQIrHP+wvSGwQ==",
      "requires": {
        "regenerator-runtime": "^0.13.2"
      }
    },
    "@commodo/fields": {
      "version": "1.0.2",
      "resolved": "https://registry.npmjs.org/@commodo/fields/-/fields-1.0.2.tgz",
      "integrity": "sha512-TA9b7ZYrwUbT6JGLiDFZd5V/fb4s0IUM3YdiI+lYL2oFuswjYX/sPtB/kOldQ86wRzph1HjvRE4IlQ180v0ENw==",
      "requires": {
        "repropose": "^1.0.2"
      }
    },
    "@commodo/fields-storage": {
      "version": "1.0.3",
      "resolved": "https://registry.npmjs.org/@commodo/fields-storage/-/fields-storage-1.0.3.tgz",
      "integrity": "sha512-OcKExNMosY1S0M7k24F43hlk4i+X11/soXIBOvzaCWp1+5FesuZvvo4bJ+zQmjX6R/P1msNcppBVPG3Hk7TrQA==",
      "requires": {
        "@commodo/hooks": "^1.0.2",
        "@commodo/name": "^1.1.0",
        "repropose": "^1.0.2"
      }
    },
    "@commodo/fields-storage-ref": {
      "version": "1.0.2",
      "resolved": "https://registry.npmjs.org/@commodo/fields-storage-ref/-/fields-storage-ref-1.0.2.tgz",
      "integrity": "sha512-y+u4XseLK/rTFPQN6b57GBnWIdhqOoRGZ0UvwpN7C4hb48+ty5SV6vgr8+SK/9EQ0hlwP0j5Dj1WONG8OaqV0Q==",
      "requires": {
        "@commodo/fields": "^1.0.2",
        "@commodo/hooks": "^1.0.2",
        "@commodo/name": "^1.1.0",
        "repropose": "^1.0.2"
      }
    },
    "@commodo/fields-storage-soft-delete": {
      "version": "1.0.2",
      "resolved": "https://registry.npmjs.org/@commodo/fields-storage-soft-delete/-/fields-storage-soft-delete-1.0.2.tgz",
      "integrity": "sha512-EvJYrkhNPu5f838VlKl1YvvA71UnFGWIRM7luICfGQmkOEWMmhCLuQHPDL8Jjydj8aUq8kOwj6reWTCnQY6TdA==",
      "requires": {
        "@commodo/fields": "^1.0.2",
        "repropose": "^1.0.0"
      }
    },
    "@commodo/hooks": {
      "version": "1.0.2",
      "resolved": "https://registry.npmjs.org/@commodo/hooks/-/hooks-1.0.2.tgz",
      "integrity": "sha512-4O5Q+vGGqkRF8rRpgizHRz2xG2EFtdYZ05s4dqYqsFgQYdfsmdtJ7X7O1zjTJumDq1HP3JqfuGksoDMKiWJSpQ==",
      "requires": {
        "repropose": "^1.0.2"
      }
    },
    "@commodo/name": {
      "version": "1.1.0",
      "resolved": "https://registry.npmjs.org/@commodo/name/-/name-1.1.0.tgz",
      "integrity": "sha512-Fyx2dKGKm9QByVNU9BSCAvy4yjtxbEdsEThEMV5F/MUVXvKOGSpkRqyFkDiqKo9Q00EdkRn3yI/6ptGcSZSkzg==",
      "requires": {
        "repropose": "^1.0.2"
      }
    },
    "@types/node": {
      "version": "13.7.7",
      "resolved": "https://registry.npmjs.org/@types/node/-/node-13.7.7.tgz",
      "integrity": "sha512-Uo4chgKbnPNlxQwoFmYIwctkQVkMMmsAoGGU4JKwLuvBefF0pCq4FybNSnfkfRCpC7ZW7kttcC/TrRtAJsvGtg=="
    },
    "@types/node-fetch": {
      "version": "2.5.4",
      "resolved": "https://registry.npmjs.org/@types/node-fetch/-/node-fetch-2.5.4.tgz",
      "integrity": "sha512-Oz6id++2qAOFuOlE1j0ouk1dzl3mmI1+qINPNBhi9nt/gVOz0G+13Ao6qjhdF0Ys+eOkhu6JnFmt38bR3H0POQ==",
      "requires": {
        "@types/node": "*"
      }
    },
    "@types/yup": {
      "version": "0.26.23",
      "resolved": "https://registry.npmjs.org/@types/yup/-/yup-0.26.23.tgz",
      "integrity": "sha512-+tipAL6prdInS/avA6QityIFBDvHnqk1Tv9L5JMEws5IZC6agymBGAoDsrPyYp42wGcktyQtYKv9kvGPEKd4Qg=="
    },
    "@webiny/api": {
      "version": "3.0.2",
      "resolved": "https://registry.npmjs.org/@webiny/api/-/api-3.0.2.tgz",
      "integrity": "sha512-B2bvpxDBtfAZBMZx07oehqDy7yFCCABe8mneOnakRJIVeXtADGAveVKNf9dfAuIbR/zgsdOWz3nm15xGyo6A0g==",
      "requires": {
        "@apollo/federation": "^0.10.2",
        "@webiny/plugins": "^3.0.1",
        "graphql": "^14.4.2",
        "graphql-iso-date": "^3.6.1",
        "graphql-middleware": "^4.0.1",
        "graphql-tag": "^2.10.1",
        "graphql-tools": "^4.0.5",
        "graphql-type-json": "^0.3.0",
        "graphql-type-long": "^0.1.1"
      }
    },
    "@webiny/api-security": {
      "version": "3.0.2",
      "resolved": "https://registry.npmjs.org/@webiny/api-security/-/api-security-3.0.2.tgz",
      "integrity": "sha512-+MWfBaN0AROabW7t93/tsgRA1yoockzMF7wrR1Fnz7mw1EAcxu2owYDI1PP3Vi0rVBKgEB2BDzPeo52/cgRapA==",
      "requires": {
        "@babel/runtime": "^7.5.5",
        "@webiny/api": "^3.0.2",
        "@webiny/commodo": "^3.0.1",
        "@webiny/commodo-graphql": "^3.0.2",
        "@webiny/validation": "^3.0.1",
        "bcryptjs": "^2.4.3",
        "fsevents": "^1.2.4",
        "graphql-shield": "^6.1.0",
        "graphql-tag": "^2.10.1",
        "jsonwebtoken": "^8.2.2",
        "lodash": "^4.17.4",
        "md5": "^2.2.1"
      }
    },
    "@webiny/commodo": {
      "version": "3.0.1",
      "resolved": "https://registry.npmjs.org/@webiny/commodo/-/commodo-3.0.1.tgz",
      "integrity": "sha512-0omJ8R4Q8yls2dye8lP3Ktm2nOrjllZ/jVHIENM021etSgPw0F7GDW8GMc0u7DxalAa2besl+60iy95J1L1gCw==",
      "requires": {
        "@commodo/fields": "^1.0.0",
        "@commodo/fields-storage": "^1.0.0",
        "@commodo/fields-storage-ref": "^1.0.0",
        "@commodo/fields-storage-soft-delete": "^1.0.0",
        "@commodo/hooks": "^1.0.0",
        "@commodo/name": "^1.0.2",
        "commodo-fields-date": "^1.0.3",
        "commodo-fields-object": "^1.0.3",
        "commodo-fields-storage-crud-logs": "^1.0.2",
        "repropose": "^1.0.2"
      }
    },
    "@webiny/commodo-graphql": {
      "version": "3.0.2",
      "resolved": "https://registry.npmjs.org/@webiny/commodo-graphql/-/commodo-graphql-3.0.2.tgz",
      "integrity": "sha512-t2wF7SqKQt3m4kSFVfFjEwvbZ3jamjTYrsppaJKIgPLzy3vQfHEP5R2fEdW6gMXQzPHmHlbCRpm77QgOU/AN2Q==",
      "requires": {
        "@webiny/api": "^3.0.2",
        "@webiny/commodo": "^3.0.1",
        "graphql": "^14.4.2",
        "lodash.foreach": "^4.5.0",
        "lodash.forown": "^4.4.0",
        "lodash.get": "^4.4.2",
        "lodash.isobject": "^3.0.2"
      }
    },
    "@webiny/plugins": {
      "version": "3.0.1",
      "resolved": "https://registry.npmjs.org/@webiny/plugins/-/plugins-3.0.1.tgz",
      "integrity": "sha512-KKZWUmxSOjGw5rKL28ADN3HP/+etUsmsO8jRK1CYGfx2lSaY+U2xS7rHOiy5PhtURcz/ND0i4gyN+2p9jLikbQ==",
      "requires": {
        "@babel/runtime": "^7.5.5"
      }
    },
    "@webiny/validation": {
      "version": "3.0.1",
      "resolved": "https://registry.npmjs.org/@webiny/validation/-/validation-3.0.1.tgz",
      "integrity": "sha512-hrqQG+37k9UGkjtcY1Lqna8AyXBv5HatNOQAp51vdQuqLfmmV10RTt1Yf5j2Ow9kVXa6QfcoGcKnnqPbJE09Lw==",
      "requires": {
        "@babel/runtime": "^7.5.5",
        "isnumeric": "^0.3.3",
        "lodash": "^4.17.4"
      }
    },
    "@wry/equality": {
      "version": "0.1.9",
      "resolved": "https://registry.npmjs.org/@wry/equality/-/equality-0.1.9.tgz",
      "integrity": "sha512-mB6ceGjpMGz1ZTza8HYnrPGos2mC6So4NhS1PtZ8s4Qt0K7fBiIGhpSxUbQmhwcSWE3no+bYxmI2OL6KuXYmoQ==",
      "requires": {
        "tslib": "^1.9.3"
      }
    },
    "apollo-env": {
      "version": "0.6.1",
      "resolved": "https://registry.npmjs.org/apollo-env/-/apollo-env-0.6.1.tgz",
      "integrity": "sha512-B9BgpQGR1ndeDtb4Gtor0J4CITQ+OPACZrVW6lgStnljKEe9ZB76DZ1dAd3OCeizAswW6Lo9uvfK8jhVS5nBhQ==",
      "requires": {
        "@types/node-fetch": "2.5.4",
        "core-js": "^3.0.1",
        "node-fetch": "^2.2.0",
        "sha.js": "^2.4.11"
      }
    },
    "apollo-graphql": {
      "version": "0.3.7",
      "resolved": "https://registry.npmjs.org/apollo-graphql/-/apollo-graphql-0.3.7.tgz",
      "integrity": "sha512-ghW16xx9tRcyL38Pw6G5OidMnYn+CNUGZWmvqQgEO2nRy4T0ONPZZBOvGrIMtJQ70oEykNMKGm0zm6PdHdxd8Q==",
      "requires": {
        "apollo-env": "^0.6.1",
        "lodash.sortby": "^4.7.0"
      }
    },
    "apollo-link": {
      "version": "1.2.13",
      "resolved": "https://registry.npmjs.org/apollo-link/-/apollo-link-1.2.13.tgz",
      "integrity": "sha512-+iBMcYeevMm1JpYgwDEIDt/y0BB7VWyvlm/7x+TIPNLHCTCMgcEgDuW5kH86iQZWo0I7mNwQiTOz+/3ShPFmBw==",
      "requires": {
        "apollo-utilities": "^1.3.0",
        "ts-invariant": "^0.4.0",
        "tslib": "^1.9.3",
        "zen-observable-ts": "^0.8.20"
      }
    },
    "apollo-server-env": {
      "version": "2.4.3",
      "resolved": "https://registry.npmjs.org/apollo-server-env/-/apollo-server-env-2.4.3.tgz",
      "integrity": "sha512-23R5Xo9OMYX0iyTu2/qT0EUb+AULCBriA9w8HDfMoChB8M+lFClqUkYtaTTHDfp6eoARLW8kDBhPOBavsvKAjA==",
      "requires": {
        "node-fetch": "^2.1.2",
        "util.promisify": "^1.0.0"
      }
    },
    "apollo-utilities": {
      "version": "1.3.3",
      "resolved": "https://registry.npmjs.org/apollo-utilities/-/apollo-utilities-1.3.3.tgz",
      "integrity": "sha512-F14aX2R/fKNYMvhuP2t9GD9fggID7zp5I96MF5QeKYWDWTrkRdHRp4+SVfXUVN+cXOaB/IebfvRtzPf25CM0zw==",
      "requires": {
        "@wry/equality": "^0.1.2",
        "fast-json-stable-stringify": "^2.0.0",
        "ts-invariant": "^0.4.0",
        "tslib": "^1.10.0"
      }
    },
    "argparse": {
      "version": "1.0.10",
      "resolved": "https://registry.npmjs.org/argparse/-/argparse-1.0.10.tgz",
      "integrity": "sha512-o5Roy6tNG4SL/FOkCAN6RzjiakZS25RLYFrcMttJqbdd8BWrnA+fGz57iN5Pb06pvBGvl5gQ0B48dJlslXvoTg==",
      "requires": {
        "sprintf-js": "~1.0.2"
      }
    },
    "bcryptjs": {
      "version": "2.4.3",
      "resolved": "https://registry.npmjs.org/bcryptjs/-/bcryptjs-2.4.3.tgz",
      "integrity": "sha1-mrVie5PmBiH/fNrF2pczAn3x0Ms="
    },
    "bindings": {
      "version": "1.5.0",
      "resolved": "https://registry.npmjs.org/bindings/-/bindings-1.5.0.tgz",
      "integrity": "sha512-p2q/t/mhvuOj/UeLlV6566GD/guowlr0hHxClI0W9m7MWYkL1F0hLo+0Aexs9HSPCtR1SXQ0TD3MMKrXZajbiQ==",
      "optional": true,
      "requires": {
        "file-uri-to-path": "1.0.0"
      }
    },
    "buffer-equal-constant-time": {
      "version": "1.0.1",
      "resolved": "https://registry.npmjs.org/buffer-equal-constant-time/-/buffer-equal-constant-time-1.0.1.tgz",
      "integrity": "sha1-+OcRMvf/5uAaXJaXpMbz5I1cyBk="
    },
    "charenc": {
      "version": "0.0.2",
      "resolved": "https://registry.npmjs.org/charenc/-/charenc-0.0.2.tgz",
      "integrity": "sha1-wKHS86cJLgN3S/qD8UwPxXkKhmc="
    },
    "commodo-fields-date": {
      "version": "1.0.3",
      "resolved": "https://registry.npmjs.org/commodo-fields-date/-/commodo-fields-date-1.0.3.tgz",
      "integrity": "sha512-wq5K+9kLpHUlrM/YydscfwF7NpuqheiaqtYYpx2rwyMNiqjJI3YJdPuJya444XrqEmOCYzheWxsMhIA2msez1g==",
      "requires": {
        "@commodo/fields": "^1.0.0",
        "repropose": "^1.0.2"
      }
    },
    "commodo-fields-object": {
      "version": "1.0.3",
      "resolved": "https://registry.npmjs.org/commodo-fields-object/-/commodo-fields-object-1.0.3.tgz",
      "integrity": "sha512-4CRaXBFq6ESz0+6VzWyB7rMGGMypqvEFoE/l9AuObb0erhXK+t8qKicJDo0xpJ6T+iyHi0afV3gauQnVRVCJzg==",
      "requires": {
        "@commodo/fields": "^1.0.0"
      }
    },
    "commodo-fields-storage-crud-logs": {
      "version": "1.0.2",
      "resolved": "https://registry.npmjs.org/commodo-fields-storage-crud-logs/-/commodo-fields-storage-crud-logs-1.0.2.tgz",
      "integrity": "sha512-LBXrgyRcPyhlkikoghQhrTd+09MifZ2CGsy3BfjKn3jjcQ9TVPY8aOGuYIMFTp+/KDj09xwoTI+5IoS/GODHjQ==",
      "requires": {
        "@commodo/fields": "^1.0.0",
        "@commodo/hooks": "^1.0.0",
        "commodo-fields-date": "^1.0.3"
      }
    },
    "core-js": {
      "version": "3.6.4",
      "resolved": "https://registry.npmjs.org/core-js/-/core-js-3.6.4.tgz",
      "integrity": "sha512-4paDGScNgZP2IXXilaffL9X7968RuvwlkK3xWtZRVqgd8SYNiVKRJvkFd1aqqEuPfN7E68ZHEp9hDj6lHj4Hyw=="
    },
    "crypt": {
      "version": "0.0.2",
      "resolved": "https://registry.npmjs.org/crypt/-/crypt-0.0.2.tgz",
      "integrity": "sha1-iNf/fsDfuG9xPch7u0LQRNPmxBs="
    },
    "define-properties": {
      "version": "1.1.3",
      "resolved": "https://registry.npmjs.org/define-properties/-/define-properties-1.1.3.tgz",
      "integrity": "sha512-3MqfYKj2lLzdMSf8ZIZE/V+Zuy+BgD6f164e8K2w7dgnpKArBDerGYpM46IYYcjnkdPNMjPk9A6VFB8+3SKlXQ==",
      "requires": {
        "object-keys": "^1.0.12"
      }
    },
    "deprecated-decorator": {
      "version": "0.1.6",
      "resolved": "https://registry.npmjs.org/deprecated-decorator/-/deprecated-decorator-0.1.6.tgz",
      "integrity": "sha1-AJZjF7ehL+kvPMgx91g68ym4bDc="
    },
    "ecdsa-sig-formatter": {
      "version": "1.0.11",
      "resolved": "https://registry.npmjs.org/ecdsa-sig-formatter/-/ecdsa-sig-formatter-1.0.11.tgz",
      "integrity": "sha512-nagl3RYrbNv6kQkeJIpt6NJZy8twLB/2vtz6yN9Z4vRKHN4/QZJIEbqohALSgwKdnksuY3k5Addp5lg8sVoVcQ==",
      "requires": {
        "safe-buffer": "^5.0.1"
      }
    },
    "es-abstract": {
      "version": "1.17.4",
      "resolved": "https://registry.npmjs.org/es-abstract/-/es-abstract-1.17.4.tgz",
      "integrity": "sha512-Ae3um/gb8F0mui/jPL+QiqmglkUsaQf7FwBEHYIFkztkneosu9imhqHpBzQ3h1vit8t5iQ74t6PEVvphBZiuiQ==",
      "requires": {
        "es-to-primitive": "^1.2.1",
        "function-bind": "^1.1.1",
        "has": "^1.0.3",
        "has-symbols": "^1.0.1",
        "is-callable": "^1.1.5",
        "is-regex": "^1.0.5",
        "object-inspect": "^1.7.0",
        "object-keys": "^1.1.1",
        "object.assign": "^4.1.0",
        "string.prototype.trimleft": "^2.1.1",
        "string.prototype.trimright": "^2.1.1"
      }
    },
    "es-to-primitive": {
      "version": "1.2.1",
      "resolved": "https://registry.npmjs.org/es-to-primitive/-/es-to-primitive-1.2.1.tgz",
      "integrity": "sha512-QCOllgZJtaUo9miYBcLChTUaHNjJF3PYs1VidD7AwiEj1kYxKeQTctLAezAOH5ZKRH0g2IgPn6KwB4IT8iRpvA==",
      "requires": {
        "is-callable": "^1.1.4",
        "is-date-object": "^1.0.1",
        "is-symbol": "^1.0.2"
      }
    },
    "esprima": {
      "version": "4.0.1",
      "resolved": "https://registry.npmjs.org/esprima/-/esprima-4.0.1.tgz",
      "integrity": "sha512-eGuFFw7Upda+g4p+QHvnW0RyTX/SVeJBDM/gCtMARO0cLuT2HcEKnTPvhjV6aGeqrCB/sbNop0Kszm0jsaWU4A=="
    },
    "fast-json-stable-stringify": {
      "version": "2.1.0",
      "resolved": "https://registry.npmjs.org/fast-json-stable-stringify/-/fast-json-stable-stringify-2.1.0.tgz",
      "integrity": "sha512-lhd/wF+Lk98HZoTCtlVraHtfh5XYijIjalXck7saUtuanSDyLMxnHhSXEDJqHxD7msR8D0uCmqlkwjCV8xvwHw=="
    },
    "file-uri-to-path": {
      "version": "1.0.0",
      "resolved": "https://registry.npmjs.org/file-uri-to-path/-/file-uri-to-path-1.0.0.tgz",
      "integrity": "sha512-0Zt+s3L7Vf1biwWZ29aARiVYLx7iMGnEUl9x33fbB/j3jR81u/O2LbqK+Bm1CDSNDKVtJ/YjwY7TUd5SkeLQLw==",
      "optional": true
    },
    "fn-name": {
      "version": "2.0.1",
      "resolved": "https://registry.npmjs.org/fn-name/-/fn-name-2.0.1.tgz",
      "integrity": "sha1-UhTXU3pNBqSjAcDMJi/rhBiAAuc="
    },
    "fsevents": {
      "version": "1.2.11",
      "resolved": "https://registry.npmjs.org/fsevents/-/fsevents-1.2.11.tgz",
      "integrity": "sha512-+ux3lx6peh0BpvY0JebGyZoiR4D+oYzdPZMKJwkZ+sFkNJzpL7tXc/wehS49gUAxg3tmMHPHZkA8JU2rhhgDHw==",
      "optional": true,
      "requires": {
        "bindings": "^1.5.0",
        "nan": "^2.12.1",
        "node-pre-gyp": "*"
      },
      "dependencies": {
        "abbrev": {
          "version": "1.1.1",
          "bundled": true,
          "optional": true
        },
        "ansi-regex": {
          "version": "2.1.1",
          "bundled": true,
          "optional": true
        },
        "aproba": {
          "version": "1.2.0",
          "bundled": true,
          "optional": true
        },
        "are-we-there-yet": {
          "version": "1.1.5",
          "bundled": true,
          "optional": true,
          "requires": {
            "delegates": "^1.0.0",
            "readable-stream": "^2.0.6"
          }
        },
        "balanced-match": {
          "version": "1.0.0",
          "bundled": true,
          "optional": true
        },
        "brace-expansion": {
          "version": "1.1.11",
          "bundled": true,
          "optional": true,
          "requires": {
            "balanced-match": "^1.0.0",
            "concat-map": "0.0.1"
          }
        },
        "chownr": {
          "version": "1.1.3",
          "bundled": true,
          "optional": true
        },
        "code-point-at": {
          "version": "1.1.0",
          "bundled": true,
          "optional": true
        },
        "concat-map": {
          "version": "0.0.1",
          "bundled": true,
          "optional": true
        },
        "console-control-strings": {
          "version": "1.1.0",
          "bundled": true,
          "optional": true
        },
        "core-util-is": {
          "version": "1.0.2",
          "bundled": true,
          "optional": true
        },
        "debug": {
          "version": "3.2.6",
          "bundled": true,
          "optional": true,
          "requires": {
            "ms": "^2.1.1"
          }
        },
        "deep-extend": {
          "version": "0.6.0",
          "bundled": true,
          "optional": true
        },
        "delegates": {
          "version": "1.0.0",
          "bundled": true,
          "optional": true
        },
        "detect-libc": {
          "version": "1.0.3",
          "bundled": true,
          "optional": true
        },
        "fs-minipass": {
          "version": "1.2.7",
          "bundled": true,
          "optional": true,
          "requires": {
            "minipass": "^2.6.0"
          }
        },
        "fs.realpath": {
          "version": "1.0.0",
          "bundled": true,
          "optional": true
        },
        "gauge": {
          "version": "2.7.4",
          "bundled": true,
          "optional": true,
          "requires": {
            "aproba": "^1.0.3",
            "console-control-strings": "^1.0.0",
            "has-unicode": "^2.0.0",
            "object-assign": "^4.1.0",
            "signal-exit": "^3.0.0",
            "string-width": "^1.0.1",
            "strip-ansi": "^3.0.1",
            "wide-align": "^1.1.0"
          }
        },
        "glob": {
          "version": "7.1.6",
          "bundled": true,
          "optional": true,
          "requires": {
            "fs.realpath": "^1.0.0",
            "inflight": "^1.0.4",
            "inherits": "2",
            "minimatch": "^3.0.4",
            "once": "^1.3.0",
            "path-is-absolute": "^1.0.0"
          }
        },
        "has-unicode": {
          "version": "2.0.1",
          "bundled": true,
          "optional": true
        },
        "iconv-lite": {
          "version": "0.4.24",
          "bundled": true,
          "optional": true,
          "requires": {
            "safer-buffer": ">= 2.1.2 < 3"
          }
        },
        "ignore-walk": {
          "version": "3.0.3",
          "bundled": true,
          "optional": true,
          "requires": {
            "minimatch": "^3.0.4"
          }
        },
        "inflight": {
          "version": "1.0.6",
          "bundled": true,
          "optional": true,
          "requires": {
            "once": "^1.3.0",
            "wrappy": "1"
          }
        },
        "inherits": {
          "version": "2.0.4",
          "bundled": true,
          "optional": true
        },
        "ini": {
          "version": "1.3.5",
          "bundled": true,
          "optional": true
        },
        "is-fullwidth-code-point": {
          "version": "1.0.0",
          "bundled": true,
          "optional": true,
          "requires": {
            "number-is-nan": "^1.0.0"
          }
        },
        "isarray": {
          "version": "1.0.0",
          "bundled": true,
          "optional": true
        },
        "minimatch": {
          "version": "3.0.4",
          "bundled": true,
          "optional": true,
          "requires": {
            "brace-expansion": "^1.1.7"
          }
        },
        "minimist": {
          "version": "0.0.8",
          "bundled": true,
          "optional": true
        },
        "minipass": {
          "version": "2.9.0",
          "bundled": true,
          "optional": true,
          "requires": {
            "safe-buffer": "^5.1.2",
            "yallist": "^3.0.0"
          }
        },
        "minizlib": {
          "version": "1.3.3",
          "bundled": true,
          "optional": true,
          "requires": {
            "minipass": "^2.9.0"
          }
        },
        "mkdirp": {
          "version": "0.5.1",
          "bundled": true,
          "optional": true,
          "requires": {
            "minimist": "0.0.8"
          }
        },
        "ms": {
          "version": "2.1.2",
          "bundled": true,
          "optional": true
        },
        "needle": {
          "version": "2.4.0",
          "bundled": true,
          "optional": true,
          "requires": {
            "debug": "^3.2.6",
            "iconv-lite": "^0.4.4",
            "sax": "^1.2.4"
          }
        },
        "node-pre-gyp": {
          "version": "0.14.0",
          "bundled": true,
          "optional": true,
          "requires": {
            "detect-libc": "^1.0.2",
            "mkdirp": "^0.5.1",
            "needle": "^2.2.1",
            "nopt": "^4.0.1",
            "npm-packlist": "^1.1.6",
            "npmlog": "^4.0.2",
            "rc": "^1.2.7",
            "rimraf": "^2.6.1",
            "semver": "^5.3.0",
            "tar": "^4.4.2"
          }
        },
        "nopt": {
          "version": "4.0.1",
          "bundled": true,
          "optional": true,
          "requires": {
            "abbrev": "1",
            "osenv": "^0.1.4"
          }
        },
        "npm-bundled": {
          "version": "1.1.1",
          "bundled": true,
          "optional": true,
          "requires": {
            "npm-normalize-package-bin": "^1.0.1"
          }
        },
        "npm-normalize-package-bin": {
          "version": "1.0.1",
          "bundled": true,
          "optional": true
        },
        "npm-packlist": {
          "version": "1.4.7",
          "bundled": true,
          "optional": true,
          "requires": {
            "ignore-walk": "^3.0.1",
            "npm-bundled": "^1.0.1"
          }
        },
        "npmlog": {
          "version": "4.1.2",
          "bundled": true,
          "optional": true,
          "requires": {
            "are-we-there-yet": "~1.1.2",
            "console-control-strings": "~1.1.0",
            "gauge": "~2.7.3",
            "set-blocking": "~2.0.0"
          }
        },
        "number-is-nan": {
          "version": "1.0.1",
          "bundled": true,
          "optional": true
        },
        "object-assign": {
          "version": "4.1.1",
          "bundled": true,
          "optional": true
        },
        "once": {
          "version": "1.4.0",
          "bundled": true,
          "optional": true,
          "requires": {
            "wrappy": "1"
          }
        },
        "os-homedir": {
          "version": "1.0.2",
          "bundled": true,
          "optional": true
        },
        "os-tmpdir": {
          "version": "1.0.2",
          "bundled": true,
          "optional": true
        },
        "osenv": {
          "version": "0.1.5",
          "bundled": true,
          "optional": true,
          "requires": {
            "os-homedir": "^1.0.0",
            "os-tmpdir": "^1.0.0"
          }
        },
        "path-is-absolute": {
          "version": "1.0.1",
          "bundled": true,
          "optional": true
        },
        "process-nextick-args": {
          "version": "2.0.1",
          "bundled": true,
          "optional": true
        },
        "rc": {
          "version": "1.2.8",
          "bundled": true,
          "optional": true,
          "requires": {
            "deep-extend": "^0.6.0",
            "ini": "~1.3.0",
            "minimist": "^1.2.0",
            "strip-json-comments": "~2.0.1"
          },
          "dependencies": {
            "minimist": {
              "version": "1.2.0",
              "bundled": true,
              "optional": true
            }
          }
        },
        "readable-stream": {
          "version": "2.3.6",
          "bundled": true,
          "optional": true,
          "requires": {
            "core-util-is": "~1.0.0",
            "inherits": "~2.0.3",
            "isarray": "~1.0.0",
            "process-nextick-args": "~2.0.0",
            "safe-buffer": "~5.1.1",
            "string_decoder": "~1.1.1",
            "util-deprecate": "~1.0.1"
          }
        },
        "rimraf": {
          "version": "2.7.1",
          "bundled": true,
          "optional": true,
          "requires": {
            "glob": "^7.1.3"
          }
        },
        "safe-buffer": {
          "version": "5.1.2",
          "bundled": true,
          "optional": true
        },
        "safer-buffer": {
          "version": "2.1.2",
          "bundled": true,
          "optional": true
        },
        "sax": {
          "version": "1.2.4",
          "bundled": true,
          "optional": true
        },
        "semver": {
          "version": "5.7.1",
          "bundled": true,
          "optional": true
        },
        "set-blocking": {
          "version": "2.0.0",
          "bundled": true,
          "optional": true
        },
        "signal-exit": {
          "version": "3.0.2",
          "bundled": true,
          "optional": true
        },
        "string-width": {
          "version": "1.0.2",
          "bundled": true,
          "optional": true,
          "requires": {
            "code-point-at": "^1.0.0",
            "is-fullwidth-code-point": "^1.0.0",
            "strip-ansi": "^3.0.0"
          }
        },
        "string_decoder": {
          "version": "1.1.1",
          "bundled": true,
          "optional": true,
          "requires": {
            "safe-buffer": "~5.1.0"
          }
        },
        "strip-ansi": {
          "version": "3.0.1",
          "bundled": true,
          "optional": true,
          "requires": {
            "ansi-regex": "^2.0.0"
          }
        },
        "strip-json-comments": {
          "version": "2.0.1",
          "bundled": true,
          "optional": true
        },
        "tar": {
          "version": "4.4.13",
          "bundled": true,
          "optional": true,
          "requires": {
            "chownr": "^1.1.1",
            "fs-minipass": "^1.2.5",
            "minipass": "^2.8.6",
            "minizlib": "^1.2.1",
            "mkdirp": "^0.5.0",
            "safe-buffer": "^5.1.2",
            "yallist": "^3.0.3"
          }
        },
        "util-deprecate": {
          "version": "1.0.2",
          "bundled": true,
          "optional": true
        },
        "wide-align": {
          "version": "1.1.3",
          "bundled": true,
          "optional": true,
          "requires": {
            "string-width": "^1.0.2 || 2"
          }
        },
        "wrappy": {
          "version": "1.0.2",
          "bundled": true,
          "optional": true
        },
        "yallist": {
          "version": "3.1.1",
          "bundled": true,
          "optional": true
        }
      }
    },
    "function-bind": {
      "version": "1.1.1",
      "resolved": "https://registry.npmjs.org/function-bind/-/function-bind-1.1.1.tgz",
      "integrity": "sha512-yIovAzMX49sF8Yl58fSCWJ5svSLuaibPxXQJFLmBObTuCr0Mf1KiPopGM9NiFjiYBCbfaa2Fh6breQ6ANVTI0A=="
    },
    "graphql": {
      "version": "14.6.0",
      "resolved": "https://registry.npmjs.org/graphql/-/graphql-14.6.0.tgz",
      "integrity": "sha512-VKzfvHEKybTKjQVpTFrA5yUq2S9ihcZvfJAtsDBBCuV6wauPu1xl/f9ehgVf0FcEJJs4vz6ysb/ZMkGigQZseg==",
      "requires": {
        "iterall": "^1.2.2"
      }
    },
    "graphql-iso-date": {
      "version": "3.6.1",
      "resolved": "https://registry.npmjs.org/graphql-iso-date/-/graphql-iso-date-3.6.1.tgz",
      "integrity": "sha512-AwFGIuYMJQXOEAgRlJlFL4H1ncFM8n8XmoVDTNypNOZyQ8LFDG2ppMFlsS862BSTCDcSUfHp8PD3/uJhv7t59Q=="
    },
    "graphql-middleware": {
      "version": "4.0.2",
      "resolved": "https://registry.npmjs.org/graphql-middleware/-/graphql-middleware-4.0.2.tgz",
      "integrity": "sha512-ESVDvMXeN00S1BNsjNS18uExcR16J8zbT31CuKcpyeBa7IMbidG0Pnqnu5P1wKkJLmPmKOfCljWlhXpD/Fawqg==",
      "requires": {
        "graphql-tools": "^4.0.5"
      }
    },
    "graphql-shield": {
      "version": "6.1.0",
      "resolved": "https://registry.npmjs.org/graphql-shield/-/graphql-shield-6.1.0.tgz",
      "integrity": "sha512-dIZ6ABnUn3XQtIzw9/9f8wFmZoY5XZlsHgkxSKF+N/oXmKvQoi11J5/y/jxJTBmKYi/2JZ12C1JjDn5TOopn+w==",
      "requires": {
        "@types/yup": "0.26.23",
        "lightercollective": "^0.3.0",
        "object-hash": "^1.3.1",
        "yup": "^0.27.0"
      }
    },
    "graphql-tag": {
      "version": "2.10.3",
      "resolved": "https://registry.npmjs.org/graphql-tag/-/graphql-tag-2.10.3.tgz",
      "integrity": "sha512-4FOv3ZKfA4WdOKJeHdz6B3F/vxBLSgmBcGeAFPf4n1F64ltJUvOOerNj0rsJxONQGdhUMynQIvd6LzB+1J5oKA=="
    },
    "graphql-tools": {
      "version": "4.0.7",
      "resolved": "https://registry.npmjs.org/graphql-tools/-/graphql-tools-4.0.7.tgz",
      "integrity": "sha512-rApl8sT8t/W1uQRcwzxMYyUBiCl/XicluApiDkNze5TX/GR0BSTQMjM2UcRGdTmkbsb1Eqq6afkyyeG/zMxZYQ==",
      "requires": {
        "apollo-link": "^1.2.3",
        "apollo-utilities": "^1.0.1",
        "deprecated-decorator": "^0.1.6",
        "iterall": "^1.1.3",
        "uuid": "^3.1.0"
      }
    },
    "graphql-type-json": {
      "version": "0.3.1",
      "resolved": "https://registry.npmjs.org/graphql-type-json/-/graphql-type-json-0.3.1.tgz",
      "integrity": "sha512-1lPkUXQ2L8o+ERLzVAuc3rzc/E6pGF+6HnjihCVTK0VzR0jCuUd92FqNxoHdfILXqOn2L6b4y47TBxiPyieUVA=="
    },
    "graphql-type-long": {
      "version": "0.1.1",
      "resolved": "https://registry.npmjs.org/graphql-type-long/-/graphql-type-long-0.1.1.tgz",
      "integrity": "sha512-pIp/F3LR0qqfbF4TX3CwBwPskA7850KG6/DnzaYJtdgxxzw20dcKfutLbyk8okBGg8iHbFoXgnZWHgfwNmxSZw=="
    },
    "has": {
      "version": "1.0.3",
      "resolved": "https://registry.npmjs.org/has/-/has-1.0.3.tgz",
      "integrity": "sha512-f2dvO0VU6Oej7RkWJGrehjbzMAjFp5/VKPp5tTpWIV4JHHZK1/BxbFRtf/siA2SWTe09caDmVtYYzWEIbBS4zw==",
      "requires": {
        "function-bind": "^1.1.1"
      }
    },
    "has-symbols": {
      "version": "1.0.1",
      "resolved": "https://registry.npmjs.org/has-symbols/-/has-symbols-1.0.1.tgz",
      "integrity": "sha512-PLcsoqu++dmEIZB+6totNFKq/7Do+Z0u4oT0zKOJNl3lYK6vGwwu2hjHs+68OEZbTjiUE9bgOABXbP/GvrS0Kg=="
    },
    "inherits": {
      "version": "2.0.4",
      "resolved": "https://registry.npmjs.org/inherits/-/inherits-2.0.4.tgz",
      "integrity": "sha512-k/vGaX4/Yla3WzyMCvTQOXYeIHvqOKtnqBduzTHpzpQZzAskKMhZ2K+EnBiSM9zGSoIFeMpXKxa4dYeZIQqewQ=="
    },
    "is-buffer": {
      "version": "1.1.6",
      "resolved": "https://registry.npmjs.org/is-buffer/-/is-buffer-1.1.6.tgz",
      "integrity": "sha512-NcdALwpXkTm5Zvvbk7owOUSvVvBKDgKP5/ewfXEznmQFfs4ZRmanOeKBTjRVjka3QFoN6XJ+9F3USqfHqTaU5w=="
    },
    "is-callable": {
      "version": "1.1.5",
      "resolved": "https://registry.npmjs.org/is-callable/-/is-callable-1.1.5.tgz",
      "integrity": "sha512-ESKv5sMCJB2jnHTWZ3O5itG+O128Hsus4K4Qh1h2/cgn2vbgnLSVqfV46AeJA9D5EeeLa9w81KUXMtn34zhX+Q=="
    },
    "is-date-object": {
      "version": "1.0.2",
      "resolved": "https://registry.npmjs.org/is-date-object/-/is-date-object-1.0.2.tgz",
      "integrity": "sha512-USlDT524woQ08aoZFzh3/Z6ch9Y/EWXEHQ/AaRN0SkKq4t2Jw2R2339tSXmwuVoY7LLlBCbOIlx2myP/L5zk0g=="
    },
    "is-regex": {
      "version": "1.0.5",
      "resolved": "https://registry.npmjs.org/is-regex/-/is-regex-1.0.5.tgz",
      "integrity": "sha512-vlKW17SNq44owv5AQR3Cq0bQPEb8+kF3UKZ2fiZNOWtztYE5i0CzCZxFDwO58qAOWtxdBRVO/V5Qin1wjCqFYQ==",
      "requires": {
        "has": "^1.0.3"
      }
    },
    "is-symbol": {
      "version": "1.0.3",
      "resolved": "https://registry.npmjs.org/is-symbol/-/is-symbol-1.0.3.tgz",
      "integrity": "sha512-OwijhaRSgqvhm/0ZdAcXNZt9lYdKFpcRDT5ULUuYXPoT794UNOdU+gpT6Rzo7b4V2HUl/op6GqY894AZwv9faQ==",
      "requires": {
        "has-symbols": "^1.0.1"
      }
    },
    "isnumeric": {
      "version": "0.3.3",
      "resolved": "https://registry.npmjs.org/isnumeric/-/isnumeric-0.3.3.tgz",
      "integrity": "sha512-GTxMCA0SsHdQWdsb6CDavRbeq4mQ2pryJUqwpcRHfKNnvdnNnI+3zT8K2zR/o9zZxTM6HKW7GRRetObb8E7p9Q=="
    },
    "iterall": {
      "version": "1.3.0",
      "resolved": "https://registry.npmjs.org/iterall/-/iterall-1.3.0.tgz",
      "integrity": "sha512-QZ9qOMdF+QLHxy1QIpUHUU1D5pS2CG2P69LF6L6CPjPYA/XMOmKV3PZpawHoAjHNyB0swdVTRxdYT4tbBbxqwg=="
    },
    "js-yaml": {
      "version": "3.13.1",
      "resolved": "https://registry.npmjs.org/js-yaml/-/js-yaml-3.13.1.tgz",
      "integrity": "sha512-YfbcO7jXDdyj0DGxYVSlSeQNHbD7XPWvrVWeVUujrQEoZzWJIRrCPoyk6kL6IAjAG2IolMK4T0hNUe0HOUs5Jw==",
      "requires": {
        "argparse": "^1.0.7",
        "esprima": "^4.0.0"
      }
    },
    "jsonwebtoken": {
      "version": "8.5.1",
      "resolved": "https://registry.npmjs.org/jsonwebtoken/-/jsonwebtoken-8.5.1.tgz",
      "integrity": "sha512-XjwVfRS6jTMsqYs0EsuJ4LGxXV14zQybNd4L2r0UvbVnSF9Af8x7p5MzbJ90Ioz/9TI41/hTCvznF/loiSzn8w==",
      "requires": {
        "jws": "^3.2.2",
        "lodash.includes": "^4.3.0",
        "lodash.isboolean": "^3.0.3",
        "lodash.isinteger": "^4.0.4",
        "lodash.isnumber": "^3.0.3",
        "lodash.isplainobject": "^4.0.6",
        "lodash.isstring": "^4.0.1",
        "lodash.once": "^4.0.0",
        "ms": "^2.1.1",
        "semver": "^5.6.0"
      }
    },
    "jwa": {
      "version": "1.4.1",
      "resolved": "https://registry.npmjs.org/jwa/-/jwa-1.4.1.tgz",
      "integrity": "sha512-qiLX/xhEEFKUAJ6FiBMbes3w9ATzyk5W7Hvzpa/SLYdxNtng+gcurvrI7TbACjIXlsJyr05/S1oUhZrc63evQA==",
      "requires": {
        "buffer-equal-constant-time": "1.0.1",
        "ecdsa-sig-formatter": "1.0.11",
        "safe-buffer": "^5.0.1"
      }
    },
    "jws": {
      "version": "3.2.2",
      "resolved": "https://registry.npmjs.org/jws/-/jws-3.2.2.tgz",
      "integrity": "sha512-YHlZCB6lMTllWDtSPHz/ZXTsi8S00usEV6v1tjq8tOUZzw7DpSDWVXjXDre6ed1w/pd495ODpHZYSdkRTsa0HA==",
      "requires": {
        "jwa": "^1.4.1",
        "safe-buffer": "^5.0.1"
      }
    },
    "lightercollective": {
      "version": "0.3.0",
      "resolved": "https://registry.npmjs.org/lightercollective/-/lightercollective-0.3.0.tgz",
      "integrity": "sha512-RFOLSUVvwdK3xA0P8o6G7QGXLIyy1L2qv5caEI7zXN5ciaEjbAriRF182kbsoJ1S1TgvpyGcN485fMky6qxOPw=="
    },
    "lodash": {
      "version": "4.17.15",
      "resolved": "https://registry.npmjs.org/lodash/-/lodash-4.17.15.tgz",
      "integrity": "sha512-8xOcRHvCjnocdS5cpwXQXVzmmh5e5+saE2QGoeQmbKmRS6J3VQppPOIt0MnmE+4xlZoumy0GPG0D0MVIQbNA1A=="
    },
    "lodash.foreach": {
      "version": "4.5.0",
      "resolved": "https://registry.npmjs.org/lodash.foreach/-/lodash.foreach-4.5.0.tgz",
      "integrity": "sha1-Gmo16s5AEoDH8G3d7DUWWrJ+PlM="
    },
    "lodash.forown": {
      "version": "4.4.0",
      "resolved": "https://registry.npmjs.org/lodash.forown/-/lodash.forown-4.4.0.tgz",
      "integrity": "sha1-hRFc8E9z75ZuztUlEdOJPMRmg68="
    },
    "lodash.get": {
      "version": "4.4.2",
      "resolved": "https://registry.npmjs.org/lodash.get/-/lodash.get-4.4.2.tgz",
      "integrity": "sha1-LRd/ZS+jHpObRDjVNBSZ36OCXpk="
    },
    "lodash.includes": {
      "version": "4.3.0",
      "resolved": "https://registry.npmjs.org/lodash.includes/-/lodash.includes-4.3.0.tgz",
      "integrity": "sha1-YLuYqHy5I8aMoeUTJUgzFISfVT8="
    },
    "lodash.isboolean": {
      "version": "3.0.3",
      "resolved": "https://registry.npmjs.org/lodash.isboolean/-/lodash.isboolean-3.0.3.tgz",
      "integrity": "sha1-bC4XHbKiV82WgC/UOwGyDV9YcPY="
    },
    "lodash.isinteger": {
      "version": "4.0.4",
      "resolved": "https://registry.npmjs.org/lodash.isinteger/-/lodash.isinteger-4.0.4.tgz",
      "integrity": "sha1-YZwK89A/iwTDH1iChAt3sRzWg0M="
    },
    "lodash.isnumber": {
      "version": "3.0.3",
      "resolved": "https://registry.npmjs.org/lodash.isnumber/-/lodash.isnumber-3.0.3.tgz",
      "integrity": "sha1-POdoEMWSjQM1IwGsKHMX8RwLH/w="
    },
    "lodash.isobject": {
      "version": "3.0.2",
      "resolved": "https://registry.npmjs.org/lodash.isobject/-/lodash.isobject-3.0.2.tgz",
      "integrity": "sha1-PI+41bW/S/kK4G4U8qUwpO2TXh0="
    },
    "lodash.isplainobject": {
      "version": "4.0.6",
      "resolved": "https://registry.npmjs.org/lodash.isplainobject/-/lodash.isplainobject-4.0.6.tgz",
      "integrity": "sha1-fFJqUtibRcRcxpC4gWO+BJf1UMs="
    },
    "lodash.isstring": {
      "version": "4.0.1",
      "resolved": "https://registry.npmjs.org/lodash.isstring/-/lodash.isstring-4.0.1.tgz",
      "integrity": "sha1-1SfftUVuynzJu5XV2ur4i6VKVFE="
    },
    "lodash.once": {
      "version": "4.1.1",
      "resolved": "https://registry.npmjs.org/lodash.once/-/lodash.once-4.1.1.tgz",
      "integrity": "sha1-DdOXEhPHxW34gJd9UEyI+0cal6w="
    },
    "lodash.sortby": {
      "version": "4.7.0",
      "resolved": "https://registry.npmjs.org/lodash.sortby/-/lodash.sortby-4.7.0.tgz",
      "integrity": "sha1-7dFMgk4sycHgsKG0K7UhBRakJDg="
    },
    "lodash.xorby": {
      "version": "4.7.0",
      "resolved": "https://registry.npmjs.org/lodash.xorby/-/lodash.xorby-4.7.0.tgz",
      "integrity": "sha1-nBmm+fBjputT3QPBtocXmYAUY9c="
    },
    "md5": {
      "version": "2.2.1",
      "resolved": "https://registry.npmjs.org/md5/-/md5-2.2.1.tgz",
      "integrity": "sha1-U6s41f48iJG6RlMp6iP6wFQBJvk=",
      "requires": {
        "charenc": "~0.0.1",
        "crypt": "~0.0.1",
        "is-buffer": "~1.1.1"
      }
    },
    "ms": {
      "version": "2.1.2",
      "resolved": "https://registry.npmjs.org/ms/-/ms-2.1.2.tgz",
      "integrity": "sha512-sGkPx+VjMtmA6MX27oA4FBFELFCZZ4S4XqeGOXCv68tT+jb3vk/RyaKWP0PTKyWtmLSM0b+adUTEvbs1PEaH2w=="
    },
    "nan": {
      "version": "2.14.0",
      "resolved": "https://registry.npmjs.org/nan/-/nan-2.14.0.tgz",
      "integrity": "sha512-INOFj37C7k3AfaNTtX8RhsTw7qRy7eLET14cROi9+5HAVbbHuIWUHEauBv5qT4Av2tWasiTY1Jw6puUNqRJXQg==",
      "optional": true
    },
    "ncp": {
      "version": "2.0.0",
      "resolved": "https://registry.npmjs.org/ncp/-/ncp-2.0.0.tgz",
      "integrity": "sha1-GVoh1sRuNh0vsSgbo4uR6d9727M="
    },
    "node-fetch": {
      "version": "2.6.0",
      "resolved": "https://registry.npmjs.org/node-fetch/-/node-fetch-2.6.0.tgz",
      "integrity": "sha512-8dG4H5ujfvFiqDmVu9fQ5bOHUC15JMjMY/Zumv26oOvvVJjM67KF8koCWIabKQ1GJIa9r2mMZscBq/TbdOcmNA=="
    },
    "object-hash": {
      "version": "1.3.1",
      "resolved": "https://registry.npmjs.org/object-hash/-/object-hash-1.3.1.tgz",
      "integrity": "sha512-OSuu/pU4ENM9kmREg0BdNrUDIl1heYa4mBZacJc+vVWz4GtAwu7jO8s4AIt2aGRUTqxykpWzI3Oqnsm13tTMDA=="
    },
    "object-inspect": {
      "version": "1.7.0",
      "resolved": "https://registry.npmjs.org/object-inspect/-/object-inspect-1.7.0.tgz",
      "integrity": "sha512-a7pEHdh1xKIAgTySUGgLMx/xwDZskN1Ud6egYYN3EdRW4ZMPNEDUTF+hwy2LUC+Bl+SyLXANnwz/jyh/qutKUw=="
    },
    "object-keys": {
      "version": "1.1.1",
      "resolved": "https://registry.npmjs.org/object-keys/-/object-keys-1.1.1.tgz",
      "integrity": "sha512-NuAESUOUMrlIXOfHKzD6bpPu3tYt3xvjNdRIQ+FeT0lNb4K8WR70CaDxhuNguS2XG+GjkyMwOzsN5ZktImfhLA=="
    },
    "object.assign": {
      "version": "4.1.0",
      "resolved": "https://registry.npmjs.org/object.assign/-/object.assign-4.1.0.tgz",
      "integrity": "sha512-exHJeq6kBKj58mqGyTQ9DFvrZC/eR6OwxzoM9YRoGBqrXYonaFyGiFMuc9VZrXf7DarreEwMpurG3dd+CNyW5w==",
      "requires": {
        "define-properties": "^1.1.2",
        "function-bind": "^1.1.1",
        "has-symbols": "^1.0.0",
        "object-keys": "^1.0.11"
      }
    },
    "object.getownpropertydescriptors": {
      "version": "2.1.0",
      "resolved": "https://registry.npmjs.org/object.getownpropertydescriptors/-/object.getownpropertydescriptors-2.1.0.tgz",
      "integrity": "sha512-Z53Oah9A3TdLoblT7VKJaTDdXdT+lQO+cNpKVnya5JDe9uLvzu1YyY1yFDFrcxrlRgWrEFH0jJtD/IbuwjcEVg==",
      "requires": {
        "define-properties": "^1.1.3",
        "es-abstract": "^1.17.0-next.1"
      }
    },
    "property-expr": {
      "version": "1.5.1",
      "resolved": "https://registry.npmjs.org/property-expr/-/property-expr-1.5.1.tgz",
      "integrity": "sha512-CGuc0VUTGthpJXL36ydB6jnbyOf/rAHFvmVrJlH+Rg0DqqLFQGAP6hIaxD/G0OAmBJPhXDHuEJigrp0e0wFV6g=="
    },
    "regenerator-runtime": {
      "version": "0.13.3",
      "resolved": "https://registry.npmjs.org/regenerator-runtime/-/regenerator-runtime-0.13.3.tgz",
      "integrity": "sha512-naKIZz2GQ8JWh///G7L3X6LaQUAMp2lvb1rvwwsURe/VXwD6VMfr+/1NuNw3ag8v2kY1aQ/go5SNn79O9JU7yw=="
    },
    "repropose": {
      "version": "1.0.2",
      "resolved": "https://registry.npmjs.org/repropose/-/repropose-1.0.2.tgz",
      "integrity": "sha512-cS3T4MRJukKWdWzGedssDpt9YOt+9ShxJ1/Iy0o13y8yH+UOofxmqT+aOjCGsg+qkP+fnh7QpeGsYH2YZfEREg==",
      "requires": {
        "@babel/runtime": "^7.2.0"
      }
    },
    "safe-buffer": {
      "version": "5.2.0",
      "resolved": "https://registry.npmjs.org/safe-buffer/-/safe-buffer-5.2.0.tgz",
      "integrity": "sha512-fZEwUGbVl7kouZs1jCdMLdt95hdIv0ZeHg6L7qPeciMZhZ+/gdesW4wgTARkrFWEpspjEATAzUGPG8N2jJiwbg=="
    },
    "semver": {
      "version": "5.7.1",
      "resolved": "https://registry.npmjs.org/semver/-/semver-5.7.1.tgz",
      "integrity": "sha512-sauaDf/PZdVgrLTNYHRtpXa1iRiKcaebiKQ1BJdpQlWH2lCvexQdX55snPFyK7QzpudqbCI0qXFfOasHdyNDGQ=="
    },
    "sha.js": {
      "version": "2.4.11",
      "resolved": "https://registry.npmjs.org/sha.js/-/sha.js-2.4.11.tgz",
      "integrity": "sha512-QMEp5B7cftE7APOjk5Y6xgrbWu+WkLVQwk8JNjZ8nKRciZaByEW6MubieAiToS7+dwvrjGhH8jRXz3MVd0AYqQ==",
      "requires": {
        "inherits": "^2.0.1",
        "safe-buffer": "^5.0.1"
      }
    },
    "sprintf-js": {
      "version": "1.0.3",
      "resolved": "https://registry.npmjs.org/sprintf-js/-/sprintf-js-1.0.3.tgz",
      "integrity": "sha1-BOaSb2YolTVPPdAVIDYzuFcpfiw="
    },
    "string.prototype.trimleft": {
      "version": "2.1.1",
      "resolved": "https://registry.npmjs.org/string.prototype.trimleft/-/string.prototype.trimleft-2.1.1.tgz",
      "integrity": "sha512-iu2AGd3PuP5Rp7x2kEZCrB2Nf41ehzh+goo8TV7z8/XDBbsvc6HQIlUl9RjkZ4oyrW1XM5UwlGl1oVEaDjg6Ag==",
      "requires": {
        "define-properties": "^1.1.3",
        "function-bind": "^1.1.1"
      }
    },
    "string.prototype.trimright": {
      "version": "2.1.1",
      "resolved": "https://registry.npmjs.org/string.prototype.trimright/-/string.prototype.trimright-2.1.1.tgz",
      "integrity": "sha512-qFvWL3/+QIgZXVmJBfpHmxLB7xsUXz6HsUmP8+5dRaC3Q7oKUv9Vo6aMCRZC1smrtyECFsIT30PqBJ1gTjAs+g==",
      "requires": {
        "define-properties": "^1.1.3",
        "function-bind": "^1.1.1"
      }
    },
    "synchronous-promise": {
      "version": "2.0.10",
      "resolved": "https://registry.npmjs.org/synchronous-promise/-/synchronous-promise-2.0.10.tgz",
      "integrity": "sha512-6PC+JRGmNjiG3kJ56ZMNWDPL8hjyghF5cMXIFOKg+NiwwEZZIvxTWd0pinWKyD227odg9ygF8xVhhz7gb8Uq7A=="
    },
    "toposort": {
      "version": "2.0.2",
      "resolved": "https://registry.npmjs.org/toposort/-/toposort-2.0.2.tgz",
      "integrity": "sha1-riF2gXXRVZ1IvvNUILL0li8JwzA="
    },
    "ts-invariant": {
      "version": "0.4.4",
      "resolved": "https://registry.npmjs.org/ts-invariant/-/ts-invariant-0.4.4.tgz",
      "integrity": "sha512-uEtWkFM/sdZvRNNDL3Ehu4WVpwaulhwQszV8mrtcdeE8nN00BV9mAmQ88RkrBhFgl9gMgvjJLAQcZbnPXI9mlA==",
      "requires": {
        "tslib": "^1.9.3"
      }
    },
    "tslib": {
      "version": "1.11.1",
      "resolved": "https://registry.npmjs.org/tslib/-/tslib-1.11.1.tgz",
      "integrity": "sha512-aZW88SY8kQbU7gpV19lN24LtXh/yD4ZZg6qieAJDDg+YBsJcSmLGK9QpnUjAKVG/xefmvJGd1WUmfpT/g6AJGA=="
    },
    "util.promisify": {
      "version": "1.0.1",
      "resolved": "https://registry.npmjs.org/util.promisify/-/util.promisify-1.0.1.tgz",
      "integrity": "sha512-g9JpC/3He3bm38zsLupWryXHoEcS22YHthuPQSJdMy6KNrzIRzWqcsHzD/WUnqe45whVou4VIsPew37DoXWNrA==",
      "requires": {
        "define-properties": "^1.1.3",
        "es-abstract": "^1.17.2",
        "has-symbols": "^1.0.1",
        "object.getownpropertydescriptors": "^2.1.0"
      }
    },
    "uuid": {
      "version": "3.4.0",
      "resolved": "https://registry.npmjs.org/uuid/-/uuid-3.4.0.tgz",
      "integrity": "sha512-HjSDRw6gZE5JMggctHBcjVak08+KEVhSIiDzFnT9S9aegmp85S/bReBVTb4QTFaRNptJ9kuYaNhnbNEOkbKb/A=="
    },
    "yup": {
      "version": "0.27.0",
      "resolved": "https://registry.npmjs.org/yup/-/yup-0.27.0.tgz",
      "integrity": "sha512-v1yFnE4+u9za42gG/b/081E7uNW9mUj3qtkmelLbW5YPROZzSH/KUUyJu9Wt8vxFJcT9otL/eZopS0YK1L5yPQ==",
      "requires": {
        "@babel/runtime": "^7.0.0",
        "fn-name": "~2.0.1",
        "lodash": "^4.17.11",
        "property-expr": "^1.5.0",
        "synchronous-promise": "^2.0.6",
        "toposort": "^2.0.2"
      }
    },
    "zen-observable": {
      "version": "0.8.15",
      "resolved": "https://registry.npmjs.org/zen-observable/-/zen-observable-0.8.15.tgz",
      "integrity": "sha512-PQ2PC7R9rslx84ndNBZB/Dkv8V8fZEpk83RLgXtYd0fwUgEjseMn1Dgajh2x6S8QbZAFa9p2qVCEuYZNgve0dQ=="
    },
    "zen-observable-ts": {
      "version": "0.8.20",
      "resolved": "https://registry.npmjs.org/zen-observable-ts/-/zen-observable-ts-0.8.20.tgz",
      "integrity": "sha512-2rkjiPALhOtRaDX6pWyNqK1fnP5KkJJybYebopNSn6wDG1lxBoFs2+nwwXKoA6glHIrtwrfBBy6da0stkKtTAA==",
      "requires": {
        "tslib": "^1.9.3",
        "zen-observable": "^0.8.0"
      }
    }
  }
}
